
Microsoft Visual Studio Solution File, Format Version 12.00
# Visual Studio Version 17
VisualStudioVersion = 17.8.34408.163
MinimumVisualStudioVersion = 10.0.40219.1
Project("{9A19103F-16F7-4668-BE54-9A1E7A4F7556}") = "WebApiUtils", "WebApiUtils\WebApiUtils.csproj", "{DB9D7D6E-B92B-4820-91CC-C652885B2C89}"
EndProject
Project("{2150E333-8FDC-42A3-9474-1A3956D46DE8}") = "Apis", "Apis", "{AB168D9C-28D7-423A-98BE-ED6C7755D8D0}"
EndProject
Project("{9A19103F-16F7-4668-BE54-9A1E7A4F7556}") = "BrandApi", "BrandApi\BrandApi.csproj", "{7BC8A9EF-2C1D-483E-B86F-32118C5750C4}"
EndProject
Project("{9A19103F-16F7-4668-BE54-9A1E7A4F7556}") = "ModelApi", "ModelApi\ModelApi.csproj", "{CBF748ED-D8A2-4823-8375-911BE22515A8}"
EndProject
Project("{9A19103F-16F7-4668-BE54-9A1E7A4F7556}") = "ClientApi", "ClientApi\ClientApi.csproj", "{4880422F-E413-414E-A18B-6BF2613ED867}"
EndProject
Project("{9A19103F-16F7-4668-BE54-9A1E7A4F7556}") = "SalerApi", "SalerApi\SalerApi.csproj", "{B572A11E-4215-44F4-A875-28B5C6462536}"
EndProject
Project("{9A19103F-16F7-4668-BE54-9A1E7A4F7556}") = "CarApi", "CarApi\CarApi.csproj", "{76C58EE0-0EFC-4CA4-8C75-2A8BDFD47CE8}"
EndProject
Project("{9A19103F-16F7-4668-BE54-9A1E7A4F7556}") = "CarRentApi", "CarRentApi\CarRentApi.csproj", "{14D8AD21-3003-48A8-88A3-A03E364494C1}"
EndProject
Project("{9A19103F-16F7-4668-BE54-9A1E7A4F7556}") = "IdentityServer", "IdentityServer\IdentityServer.csproj", "{487ACB3D-7B70-4D4F-894E-82CAE0A8CFAC}"
EndProject
Project("{9A19103F-16F7-4668-BE54-9A1E7A4F7556}") = "Lising", "Lising\Lising.csproj", "{0812DE60-3E19-4065-966E-E828470C8601}"
EndProject
Project("{E53339B2-1760-4266-BCC7-CA923CBCF16C}") = "docker-compose", "docker-compose.dcproj", "{7219CE7E-AF13-4DCD-8741-C4E0C37CD3C4}"
EndProject
Global
	GlobalSection(SolutionConfigurationPlatforms) = preSolution
		Debug|Any CPU = Debug|Any CPU
		Release|Any CPU = Release|Any CPU
	EndGlobalSection
	GlobalSection(ProjectConfigurationPlatforms) = postSolution
		{DB9D7D6E-B92B-4820-91CC-C652885B2C89}.Debug|Any CPU.ActiveCfg = Debug|Any CPU
		{DB9D7D6E-B92B-4820-91CC-C652885B2C89}.Debug|Any CPU.Build.0 = Debug|Any CPU
		{DB9D7D6E-B92B-4820-91CC-C652885B2C89}.Release|Any CPU.ActiveCfg = Release|Any CPU
		{DB9D7D6E-B92B-4820-91CC-C652885B2C89}.Release|Any CPU.Build.0 = Release|Any CPU
		{7BC8A9EF-2C1D-483E-B86F-32118C5750C4}.Debug|Any CPU.ActiveCfg = Debug|Any CPU
		{7BC8A9EF-2C1D-483E-B86F-32118C5750C4}.Debug|Any CPU.Build.0 = Debug|Any CPU
		{7BC8A9EF-2C1D-483E-B86F-32118C5750C4}.Release|Any CPU.ActiveCfg = Release|Any CPU
		{7BC8A9EF-2C1D-483E-B86F-32118C5750C4}.Release|Any CPU.Build.0 = Release|Any CPU
		{CBF748ED-D8A2-4823-8375-911BE22515A8}.Debug|Any CPU.ActiveCfg = Debug|Any CPU
		{CBF748ED-D8A2-4823-8375-911BE22515A8}.Debug|Any CPU.Build.0 = Debug|Any CPU
		{CBF748ED-D8A2-4823-8375-911BE22515A8}.Release|Any CPU.ActiveCfg = Release|Any CPU
		{CBF748ED-D8A2-4823-8375-911BE22515A8}.Release|Any CPU.Build.0 = Release|Any CPU
		{4880422F-E413-414E-A18B-6BF2613ED867}.Debug|Any CPU.ActiveCfg = Debug|Any CPU
		{4880422F-E413-414E-A18B-6BF2613ED867}.Debug|Any CPU.Build.0 = Debug|Any CPU
		{4880422F-E413-414E-A18B-6BF2613ED867}.Release|Any CPU.ActiveCfg = Release|Any CPU
		{4880422F-E413-414E-A18B-6BF2613ED867}.Release|Any CPU.Build.0 = Release|Any CPU
		{B572A11E-4215-44F4-A875-28B5C6462536}.Debug|Any CPU.ActiveCfg = Debug|Any CPU
		{B572A11E-4215-44F4-A875-28B5C6462536}.Debug|Any CPU.Build.0 = Debug|Any CPU
		{B572A11E-4215-44F4-A875-28B5C6462536}.Release|Any CPU.ActiveCfg = Release|Any CPU
		{B572A11E-4215-44F4-A875-28B5C6462536}.Release|Any CPU.Build.0 = Release|Any CPU
		{76C58EE0-0EFC-4CA4-8C75-2A8BDFD47CE8}.Debug|Any CPU.ActiveCfg = Debug|Any CPU
		{76C58EE0-0EFC-4CA4-8C75-2A8BDFD47CE8}.Debug|Any CPU.Build.0 = Debug|Any CPU
		{76C58EE0-0EFC-4CA4-8C75-2A8BDFD47CE8}.Release|Any CPU.ActiveCfg = Release|Any CPU
		{76C58EE0-0EFC-4CA4-8C75-2A8BDFD47CE8}.Release|Any CPU.Build.0 = Release|Any CPU
		{14D8AD21-3003-48A8-88A3-A03E364494C1}.Debug|Any CPU.ActiveCfg = Debug|Any CPU
		{14D8AD21-3003-48A8-88A3-A03E364494C1}.Debug|Any CPU.Build.0 = Debug|Any CPU
		{14D8AD21-3003-48A8-88A3-A03E364494C1}.Release|Any CPU.ActiveCfg = Release|Any CPU
		{14D8AD21-3003-48A8-88A3-A03E364494C1}.Release|Any CPU.Build.0 = Release|Any CPU
		{487ACB3D-7B70-4D4F-894E-82CAE0A8CFAC}.Debug|Any CPU.ActiveCfg = Debug|Any CPU
		{487ACB3D-7B70-4D4F-894E-82CAE0A8CFAC}.Debug|Any CPU.Build.0 = Debug|Any CPU
		{487ACB3D-7B70-4D4F-894E-82CAE0A8CFAC}.Release|Any CPU.ActiveCfg = Release|Any CPU
		{487ACB3D-7B70-4D4F-894E-82CAE0A8CFAC}.Release|Any CPU.Build.0 = Release|Any CPU
		{0812DE60-3E19-4065-966E-E828470C8601}.Debug|Any CPU.ActiveCfg = Debug|Any CPU
		{0812DE60-3E19-4065-966E-E828470C8601}.Debug|Any CPU.Build.0 = Debug|Any CPU
		{0812DE60-3E19-4065-966E-E828470C8601}.Release|Any CPU.ActiveCfg = Release|Any CPU
		{0812DE60-3E19-4065-966E-E828470C8601}.Release|Any CPU.Build.0 = Release|Any CPU
		{7219CE7E-AF13-4DCD-8741-C4E0C37CD3C4}.Debug|Any CPU.ActiveCfg = Debug|Any CPU
		{7219CE7E-AF13-4DCD-8741-C4E0C37CD3C4}.Debug|Any CPU.Build.0 = Debug|Any CPU
		{7219CE7E-AF13-4DCD-8741-C4E0C37CD3C4}.Release|Any CPU.ActiveCfg = Release|Any CPU
		{7219CE7E-AF13-4DCD-8741-C4E0C37CD3C4}.Release|Any CPU.Build.0 = Release|Any CPU
	EndGlobalSection
	GlobalSection(SolutionProperties) = preSolution
		HideSolutionNode = FALSE
	EndGlobalSection
	GlobalSection(NestedProjects) = preSolution
		{7BC8A9EF-2C1D-483E-B86F-32118C5750C4} = {AB168D9C-28D7-423A-98BE-ED6C7755D8D0}
		{CBF748ED-D8A2-4823-8375-911BE22515A8} = {AB168D9C-28D7-423A-98BE-ED6C7755D8D0}
		{4880422F-E413-414E-A18B-6BF2613ED867} = {AB168D9C-28D7-423A-98BE-ED6C7755D8D0}
		{B572A11E-4215-44F4-A875-28B5C6462536} = {AB168D9C-28D7-423A-98BE-ED6C7755D8D0}
		{76C58EE0-0EFC-4CA4-8C75-2A8BDFD47CE8} = {AB168D9C-28D7-423A-98BE-ED6C7755D8D0}
		{14D8AD21-3003-48A8-88A3-A03E364494C1} = {AB168D9C-28D7-423A-98BE-ED6C7755D8D0}
	EndGlobalSection
	GlobalSection(ExtensibilityGlobals) = postSolution
		SolutionGuid = {25D749F1-9337-4769-91EB-2026C37E235F}
	EndGlobalSection
EndGlobal
